
Microsoft Visual Studio Solution File, Format Version 12.00
# Visual Studio Version 17
VisualStudioVersion = 17.7.34031.279
MinimumVisualStudioVersion = 10.0.40219.1
Project("{FAE04EC0-301F-11D3-BF4B-00C04F79EFBC}") = "TangyServerApp", "TangyServerApp\TangyServerApp.csproj", "{A668E3BD-97DC-406C-82EC-036D2B9374F3}"
EndProject
Global
	GlobalSection(SolutionConfigurationPlatforms) = preSolution
		Debug|Any CPU = Debug|Any CPU
		Release|Any CPU = Release|Any CPU
	EndGlobalSection
	GlobalSection(ProjectConfigurationPlatforms) = postSolution
		{A668E3BD-97DC-406C-82EC-036D2B9374F3}.Debug|Any CPU.ActiveCfg = Debug|Any CPU
		{A668E3BD-97DC-406C-82EC-036D2B9374F3}.Debug|Any CPU.Build.0 = Debug|Any CPU
		{A668E3BD-97DC-406C-82EC-036D2B9374F3}.Release|Any CPU.ActiveCfg = Release|Any CPU
		{A668E3BD-97DC-406C-82EC-036D2B9374F3}.Release|Any CPU.Build.0 = Release|Any CPU
	EndGlobalSection
	GlobalSection(SolutionProperties) = preSolution
		HideSolutionNode = FALSE
	EndGlobalSection
	GlobalSection(ExtensibilityGlobals) = postSolution
		SolutionGuid = {A1329ED5-5B30-4552-9AFD-B2708BC83935}
	EndGlobalSection
EndGlobal
